
Microsoft Visual Studio Solution File, Format Version 12.00
# Visual Studio 15
VisualStudioVersion = 15.0.27617.1
MinimumVisualStudioVersion = 10.0.40219.1
Project("{FAE04EC0-301F-11D3-BF4B-00C04F79EFBC}") = "Microsoft.CodeDom.Providers.DotNetCompilerPlatform", "src\Microsoft.CodeDom.Providers.DotNetCompilerPlatform\Microsoft.CodeDom.Providers.DotNetCompilerPlatform.csproj", "{2F004BDA-484D-44D5-AAF8-9BA69A560CD0}"
EndProject
Project("{2150E333-8FDC-42A3-9474-1A3956D46DE8}") = "src", "src", "{2878AC3A-C561-41C9-8F7B-E4A226EFC177}"
EndProject
Global
	GlobalSection(SolutionConfigurationPlatforms) = preSolution
		Debug|Any CPU = Debug|Any CPU
		Release|Any CPU = Release|Any CPU
	EndGlobalSection
	GlobalSection(ProjectConfigurationPlatforms) = postSolution
		{2F004BDA-484D-44D5-AAF8-9BA69A560CD0}.Debug|Any CPU.ActiveCfg = Debug|Any CPU
		{2F004BDA-484D-44D5-AAF8-9BA69A560CD0}.Debug|Any CPU.Build.0 = Debug|Any CPU
		{2F004BDA-484D-44D5-AAF8-9BA69A560CD0}.Release|Any CPU.ActiveCfg = Release|Any CPU
		{2F004BDA-484D-44D5-AAF8-9BA69A560CD0}.Release|Any CPU.Build.0 = Release|Any CPU
	EndGlobalSection
	GlobalSection(SolutionProperties) = preSolution
		HideSolutionNode = FALSE
	EndGlobalSection
	GlobalSection(NestedProjects) = preSolution
		{2F004BDA-484D-44D5-AAF8-9BA69A560CD0} = {2878AC3A-C561-41C9-8F7B-E4A226EFC177}
	EndGlobalSection
	GlobalSection(ExtensibilityGlobals) = postSolution
		SolutionGuid = {572294E2-3558-49B5-8E48-A40827304071}
	EndGlobalSection
EndGlobal
